
Microsoft Visual Studio Solution File, Format Version 12.00
# Visual Studio 15
VisualStudioVersion = 15.0.28307.1401
MinimumVisualStudioVersion = 10.0.40219.1
Project("{FAE04EC0-301F-11D3-BF4B-00C04F79EFBC}") = "Лаб27_1", "Лаб27_1\Лаб27_1.csproj", "{7E9CB7DC-2F11-466C-AD1A-25DDF57E2A76}"
EndProject
Global
	GlobalSection(SolutionConfigurationPlatforms) = preSolution
		Debug|Any CPU = Debug|Any CPU
		Release|Any CPU = Release|Any CPU
	EndGlobalSection
	GlobalSection(ProjectConfigurationPlatforms) = postSolution
		{7E9CB7DC-2F11-466C-AD1A-25DDF57E2A76}.Debug|Any CPU.ActiveCfg = Debug|Any CPU
		{7E9CB7DC-2F11-466C-AD1A-25DDF57E2A76}.Debug|Any CPU.Build.0 = Debug|Any CPU
		{7E9CB7DC-2F11-466C-AD1A-25DDF57E2A76}.Release|Any CPU.ActiveCfg = Release|Any CPU
		{7E9CB7DC-2F11-466C-AD1A-25DDF57E2A76}.Release|Any CPU.Build.0 = Release|Any CPU
	EndGlobalSection
	GlobalSection(SolutionProperties) = preSolution
		HideSolutionNode = FALSE
	EndGlobalSection
	GlobalSection(ExtensibilityGlobals) = postSolution
		SolutionGuid = {0B138E0C-56F8-4684-BBE4-8DA07FD892D6}
	EndGlobalSection
EndGlobal
